
Microsoft Visual Studio Solution File, Format Version 12.00
# Visual Studio Version 16
VisualStudioVersion = 16.0.32602.290
MinimumVisualStudioVersion = 10.0.40219.1
Project("{FAE04EC0-301F-11D3-BF4B-00C04F79EFBC}") = "testeeeee", "testeeeee\testeeeee.csproj", "{3D57F807-044B-4BA0-97CF-1A196FB061A9}"
EndProject
Global
	GlobalSection(SolutionConfigurationPlatforms) = preSolution
		Debug|Any CPU = Debug|Any CPU
		Release|Any CPU = Release|Any CPU
	EndGlobalSection
	GlobalSection(ProjectConfigurationPlatforms) = postSolution
		{3D57F807-044B-4BA0-97CF-1A196FB061A9}.Debug|Any CPU.ActiveCfg = Debug|Any CPU
		{3D57F807-044B-4BA0-97CF-1A196FB061A9}.Debug|Any CPU.Build.0 = Debug|Any CPU
		{3D57F807-044B-4BA0-97CF-1A196FB061A9}.Release|Any CPU.ActiveCfg = Release|Any CPU
		{3D57F807-044B-4BA0-97CF-1A196FB061A9}.Release|Any CPU.Build.0 = Release|Any CPU
	EndGlobalSection
	GlobalSection(SolutionProperties) = preSolution
		HideSolutionNode = FALSE
	EndGlobalSection
	GlobalSection(ExtensibilityGlobals) = postSolution
		SolutionGuid = {72224CC2-6267-4E3F-985D-706784AF8D37}
	EndGlobalSection
EndGlobal
